Microsoft Visual Studio Solution File, Format Version 12.00
# Visual Studio Version 17
VisualStudioVersion = 17.5.2.0
MinimumVisualStudioVersion = 10.0.40219.1
Project("{FAE04EC0-301F-11D3-BF4B-00C04F79EFBC}") = "E_Learning_API", "E_Learning_API\E_Learning_API.csproj", "{5AB079EF-C996-BADD-B559-8ED8BEA6B061}"
EndProject
Global
	GlobalSection(SolutionConfigurationPlatforms) = preSolution
		Debug|Any CPU = Debug|Any CPU
		Release|Any CPU = Release|Any CPU
	EndGlobalSection
	GlobalSection(ProjectConfigurationPlatforms) = postSolution
		{5AB079EF-C996-BADD-B559-8ED8BEA6B061}.Debug|Any CPU.ActiveCfg = Debug|Any CPU
		{5AB079EF-C996-BADD-B559-8ED8BEA6B061}.Debug|Any CPU.Build.0 = Debug|Any CPU
		{5AB079EF-C996-BADD-B559-8ED8BEA6B061}.Release|Any CPU.ActiveCfg = Release|Any CPU
		{5AB079EF-C996-BADD-B559-8ED8BEA6B061}.Release|Any CPU.Build.0 = Release|Any CPU
	EndGlobalSection
	GlobalSection(SolutionProperties) = preSolution
		HideSolutionNode = FALSE
	EndGlobalSection
	GlobalSection(ExtensibilityGlobals) = postSolution
		SolutionGuid = {D572E8F1-69DA-4BCA-9E81-7BD16D75C54A}
	EndGlobalSection
EndGlobal
